// !$*UTF8*$!
{
	archiveVersion = 1;
	classes = {
	};
	objectVersion = 77;
	objects = {

/* Begin PBXBuildFile section */
		91182B0A9E07E7852A7606A7 /* Pods_SelfSDK.framework in Frameworks */ = {isa = PBXBuildFile; fileRef = 9361AEE8EFAF28843D411F75 /* Pods_SelfSDK.framework */; };
		BF7273CE2E53412C002FE485 /* PassportReader.m in Sources */ = {isa = PBXBuildFile; fileRef = BF7273CC2E53412C002FE485 /* PassportReader.m */; };
		BF7273CF2E53412C002FE485 /* PassportReader.swift in Sources */ = {isa = PBXBuildFile; fileRef = BF7273CD2E53412C002FE485 /* PassportReader.swift */; };
		BFB0C0F02EA8B57000DBA670 /* NFCPassportReader 2.xcframework in Frameworks */ = {isa = PBXBuildFile; fileRef = BFB0C0EF2EA8B57000DBA670 /* NFCPassportReader 2.xcframework */; };
		BFE3DFC62E4F4E7300195298 /* QKMRZParser in Frameworks */ = {isa = PBXBuildFile; productRef = BFE3DFC52E4F4E7300195298 /* QKMRZParser */; };
		BFE3DFC92E4F4E7A00195298 /* AVFoundation.framework in Frameworks */ = {isa = PBXBuildFile; fileRef = BFE3DFC82E4F4E7A00195298 /* AVFoundation.framework */; };
		BFE3DFCB2E4F4E8000195298 /* Vision.framework in Frameworks */ = {isa = PBXBuildFile; fileRef = BFE3DFCA2E4F4E8000195298 /* Vision.framework */; };
		BFE3DFD42E4F4EC400195298 /* SelfCameraView.swift in Sources */ = {isa = PBXBuildFile; fileRef = BFE3DFCC2E4F4EC400195298 /* SelfCameraView.swift */; };
		BFE3DFD52E4F4EC400195298 /* SelfMRZScannerModule.m in Sources */ = {isa = PBXBuildFile; fileRef = BFE3DFCF2E4F4EC400195298 /* SelfMRZScannerModule.m */; };
		BFE3DFD62E4F4EC400195298 /* SelfMRZScannerViewManager.swift in Sources */ = {isa = PBXBuildFile; fileRef = BFE3DFD22E4F4EC400195298 /* SelfMRZScannerViewManager.swift */; };
		BFE3DFD72E4F4EC400195298 /* SelfMRZScannerModule.swift in Sources */ = {isa = PBXBuildFile; fileRef = BFE3DFD02E4F4EC400195298 /* SelfMRZScannerModule.swift */; };
		BFE3DFD82E4F4EC400195298 /* SelfLiveMRZScannerView.swift in Sources */ = {isa = PBXBuildFile; fileRef = BFE3DFCD2E4F4EC400195298 /* SelfLiveMRZScannerView.swift */; };
		BFE3DFD92E4F4EC400195298 /* SelfMRZScanner.swift in Sources */ = {isa = PBXBuildFile; fileRef = BFE3DFCE2E4F4EC400195298 /* SelfMRZScanner.swift */; };
		BFE3DFDA2E4F4EC400195298 /* SelfMRZScannerViewManager.m in Sources */ = {isa = PBXBuildFile; fileRef = BFE3DFD12E4F4EC400195298 /* SelfMRZScannerViewManager.m */; };
/* End PBXBuildFile section */

/* Begin PBXFileReference section */
		2B18B56999A8AC8C4F11DA3A /* Pods-SelfSDK.release.xcconfig */ = {isa = PBXFileReference; includeInIndex = 1; lastKnownFileType = text.xcconfig; name = "Pods-SelfSDK.release.xcconfig"; path = "Target Support Files/Pods-SelfSDK/Pods-SelfSDK.release.xcconfig"; sourceTree = "<group>"; };
		5DD62CFABEDAB6E3708C9BBB /* Pods-SelfSDK.debug.xcconfig */ = {isa = PBXFileReference; includeInIndex = 1; lastKnownFileType = text.xcconfig; name = "Pods-SelfSDK.debug.xcconfig"; path = "Target Support Files/Pods-SelfSDK/Pods-SelfSDK.debug.xcconfig"; sourceTree = "<group>"; };
		9361AEE8EFAF28843D411F75 /* Pods_SelfSDK.framework */ = {isa = PBXFileReference; explicitFileType = wrapper.framework; includeInIndex = 0; path = Pods_SelfSDK.framework; sourceTree = BUILT_PRODUCTS_DIR; };
		BF7273CC2E53412C002FE485 /* PassportReader.m */ = {isa = PBXFileReference; lastKnownFileType = sourcecode.c.objc; path = PassportReader.m; sourceTree = "<group>"; };
		BF7273CD2E53412C002FE485 /* PassportReader.swift */ = {isa = PBXFileReference; lastKnownFileType = sourcecode.swift; path = PassportReader.swift; sourceTree = "<group>"; };
		BFB0C0EF2EA8B57000DBA670 /* NFCPassportReader 2.xcframework */ = {isa = PBXFileReference; lastKnownFileType = wrapper.xcframework; path = "NFCPassportReader 2.xcframework"; sourceTree = "<group>"; };
		BFE3DFB82E4F4E5C00195298 /* SelfSDK.framework */ = {isa = PBXFileReference; explicitFileType = wrapper.framework; includeInIndex = 0; path = SelfSDK.framework; sourceTree = BUILT_PRODUCTS_DIR; };
		BFE3DFC82E4F4E7A00195298 /* AVFoundation.framework */ = {isa = PBXFileReference; lastKnownFileType = wrapper.framework; name = AVFoundation.framework; path = Platforms/MacOSX.platform/Developer/SDKs/MacOSX15.5.sdk/System/Library/Frameworks/AVFoundation.framework; sourceTree = DEVELOPER_DIR; };
		BFE3DFCA2E4F4E8000195298 /* Vision.framework */ = {isa = PBXFileReference; lastKnownFileType = wrapper.framework; name = Vision.framework; path = Platforms/MacOSX.platform/Developer/SDKs/MacOSX15.5.sdk/System/Library/Frameworks/Vision.framework; sourceTree = DEVELOPER_DIR; };
		BFE3DFCC2E4F4EC400195298 /* SelfCameraView.swift */ = {isa = PBXFileReference; lastKnownFileType = sourcecode.swift; path = SelfCameraView.swift; sourceTree = "<group>"; };
		BFE3DFCD2E4F4EC400195298 /* SelfLiveMRZScannerView.swift */ = {isa = PBXFileReference; lastKnownFileType = sourcecode.swift; path = SelfLiveMRZScannerView.swift; sourceTree = "<group>"; };
		BFE3DFCE2E4F4EC400195298 /* SelfMRZScanner.swift */ = {isa = PBXFileReference; lastKnownFileType = sourcecode.swift; path = SelfMRZScanner.swift; sourceTree = "<group>"; };
		BFE3DFCF2E4F4EC400195298 /* SelfMRZScannerModule.m */ = {isa = PBXFileReference; lastKnownFileType = sourcecode.c.objc; path = SelfMRZScannerModule.m; sourceTree = "<group>"; };
		BFE3DFD02E4F4EC400195298 /* SelfMRZScannerModule.swift */ = {isa = PBXFileReference; lastKnownFileType = sourcecode.swift; path = SelfMRZScannerModule.swift; sourceTree = "<group>"; };
		BFE3DFD12E4F4EC400195298 /* SelfMRZScannerViewManager.m */ = {isa = PBXFileReference; lastKnownFileType = sourcecode.c.objc; path = SelfMRZScannerViewManager.m; sourceTree = "<group>"; };
		BFE3DFD22E4F4EC400195298 /* SelfMRZScannerViewManager.swift */ = {isa = PBXFileReference; lastKnownFileType = sourcecode.swift; path = SelfMRZScannerViewManager.swift; sourceTree = "<group>"; };
		BFE3DFD32E4F4EC400195298 /* SelfSDK-Bridging-Header.h */ = {isa = PBXFileReference; lastKnownFileType = sourcecode.c.h; path = "SelfSDK-Bridging-Header.h"; sourceTree = "<group>"; };
/* End PBXFileReference section */

/* Begin PBXFileSystemSynchronizedRootGroup section */
		BFE3DFBA2E4F4E5C00195298 /* SelfSDK */ = {
			isa = PBXFileSystemSynchronizedRootGroup;
			path = SelfSDK;
			sourceTree = "<group>";
		};
/* End PBXFileSystemSynchronizedRootGroup section */

/* Begin PBXFrameworksBuildPhase section */
		BFE3DFB52E4F4E5C00195298 /* Frameworks */ = {
			isa = PBXFrameworksBuildPhase;
			buildActionMask = 2147483647;
			files = (
				BFE3DFCB2E4F4E8000195298 /* Vision.framework in Frameworks */,
				BFE3DFC92E4F4E7A00195298 /* AVFoundation.framework in Frameworks */,
				BFB0C0F02EA8B57000DBA670 /* NFCPassportReader 2.xcframework in Frameworks */,
				BFE3DFC62E4F4E7300195298 /* QKMRZParser in Frameworks */,
				91182B0A9E07E7852A7606A7 /* Pods_SelfSDK.framework in Frameworks */,
			);
			runOnlyForDeploymentPostprocessing = 0;
		};
/* End PBXFrameworksBuildPhase section */

/* Begin PBXGroup section */
		BFE3DFAE2E4F4E5C00195298 = {
			isa = PBXGroup;
			children = (
				BFB0C0EF2EA8B57000DBA670 /* NFCPassportReader 2.xcframework */,
				BF7273CC2E53412C002FE485 /* PassportReader.m */,
				BF7273CD2E53412C002FE485 /* PassportReader.swift */,
				BFE3DFCC2E4F4EC400195298 /* SelfCameraView.swift */,
				BFE3DFCD2E4F4EC400195298 /* SelfLiveMRZScannerView.swift */,
				BFE3DFCE2E4F4EC400195298 /* SelfMRZScanner.swift */,
				BFE3DFCF2E4F4EC400195298 /* SelfMRZScannerModule.m */,
				BFE3DFD02E4F4EC400195298 /* SelfMRZScannerModule.swift */,
				BFE3DFD12E4F4EC400195298 /* SelfMRZScannerViewManager.m */,
				BFE3DFD22E4F4EC400195298 /* SelfMRZScannerViewManager.swift */,
				BFE3DFD32E4F4EC400195298 /* SelfSDK-Bridging-Header.h */,
				BFE3DFBA2E4F4E5C00195298 /* SelfSDK */,
				BFE3DFC72E4F4E7A00195298 /* Frameworks */,
				BFE3DFB92E4F4E5C00195298 /* Products */,
				F07528E16D08734D784630E4 /* Pods */,
			);
			sourceTree = "<group>";
		};
		BFE3DFB92E4F4E5C00195298 /* Products */ = {
			isa = PBXGroup;
			children = (
				BFE3DFB82E4F4E5C00195298 /* SelfSDK.framework */,
			);
			name = Products;
			sourceTree = "<group>";
		};
		BFE3DFC72E4F4E7A00195298 /* Frameworks */ = {
			isa = PBXGroup;
			children = (
				BFE3DFCA2E4F4E8000195298 /* Vision.framework */,
				BFE3DFC82E4F4E7A00195298 /* AVFoundation.framework */,
				9361AEE8EFAF28843D411F75 /* Pods_SelfSDK.framework */,
			);
			name = Frameworks;
			sourceTree = "<group>";
		};
		F07528E16D08734D784630E4 /* Pods */ = {
			isa = PBXGroup;
			children = (
				5DD62CFABEDAB6E3708C9BBB /* Pods-SelfSDK.debug.xcconfig */,
				2B18B56999A8AC8C4F11DA3A /* Pods-SelfSDK.release.xcconfig */,
			);
			path = Pods;
			sourceTree = "<group>";
		};
/* End PBXGroup section */

/* Begin PBXHeadersBuildPhase section */
		BFE3DFB32E4F4E5C00195298 /* Headers */ = {
			isa = PBXHeadersBuildPhase;
			buildActionMask = 2147483647;
			files = (
			);
			runOnlyForDeploymentPostprocessing = 0;
		};
/* End PBXHeadersBuildPhase section */

/* Begin PBXNativeTarget section */
		BFE3DFB72E4F4E5C00195298 /* SelfSDK */ = {
			isa = PBXNativeTarget;
			buildConfigurationList = BFE3DFC12E4F4E5C00195298 /* Build configuration list for PBXNativeTarget "SelfSDK" */;
			buildPhases = (
				2CF16B350A062639FD1CBFE3 /* [CP] Check Pods Manifest.lock */,
				BFE3DFB32E4F4E5C00195298 /* Headers */,
				BFE3DFB42E4F4E5C00195298 /* Sources */,
				BFE3DFB52E4F4E5C00195298 /* Frameworks */,
				BFE3DFB62E4F4E5C00195298 /* Resources */,
			);
			buildRules = (
			);
			dependencies = (
			);
			fileSystemSynchronizedGroups = (
				BFE3DFBA2E4F4E5C00195298 /* SelfSDK */,
			);
			name = SelfSDK;
			packageProductDependencies = (
				BFE3DFC52E4F4E7300195298 /* QKMRZParser */,
			);
			productName = SelfSDK;
			productReference = BFE3DFB82E4F4E5C00195298 /* SelfSDK.framework */;
			productType = "com.apple.product-type.framework";
		};
/* End PBXNativeTarget section */

/* Begin PBXProject section */
		BFE3DFAF2E4F4E5C00195298 /* Project object */ = {
			isa = PBXProject;
			attributes = {
				BuildIndependentTargetsInParallel = 1;
				LastSwiftUpdateCheck = 1640;
				LastUpgradeCheck = 1640;
				TargetAttributes = {
					BFE3DFB72E4F4E5C00195298 = {
						CreatedOnToolsVersion = 16.4;
						LastSwiftMigration = 1640;
					};
				};
			};
			buildConfigurationList = BFE3DFB22E4F4E5C00195298 /* Build configuration list for PBXProject "SelfSDK" */;
			developmentRegion = en;
			hasScannedForEncodings = 0;
			knownRegions = (
				en,
				Base,
			);
			mainGroup = BFE3DFAE2E4F4E5C00195298;
			minimizedProjectReferenceProxies = 1;
			packageReferences = (
				BFE3DFC42E4F4E7300195298 /* XCRemoteSwiftPackageReference "QKMRZParser" */,
			);
			preferredProjectObjectVersion = 77;
			productRefGroup = BFE3DFB92E4F4E5C00195298 /* Products */;
			projectDirPath = "";
			projectRoot = "";
			targets = (
				BFE3DFB72E4F4E5C00195298 /* SelfSDK */,
			);
		};
/* End PBXProject section */

/* Begin PBXResourcesBuildPhase section */
		BFE3DFB62E4F4E5C00195298 /* Resources */ = {
			isa = PBXResourcesBuildPhase;
			buildActionMask = 2147483647;
			files = (
			);
			runOnlyForDeploymentPostprocessing = 0;
		};
/* End PBXResourcesBuildPhase section */

/* Begin PBXShellScriptBuildPhase section */
		2CF16B350A062639FD1CBFE3 /* [CP] Check Pods Manifest.lock */ = {
			isa = PBXShellScriptBuildPhase;
			buildActionMask = 2147483647;
			files = (
			);
			inputFileListPaths = (
			);
			inputPaths = (
				"${PODS_PODFILE_DIR_PATH}/Podfile.lock",
				"${PODS_ROOT}/Manifest.lock",
			);
			name = "[CP] Check Pods Manifest.lock";
			outputFileListPaths = (
			);
			outputPaths = (
				"$(DERIVED_FILE_DIR)/Pods-SelfSDK-checkManifestLockResult.txt",
			);
			runOnlyForDeploymentPostprocessing = 0;
			shellPath = /bin/sh;
			shellScript = "diff \"${PODS_PODFILE_DIR_PATH}/Podfile.lock\" \"${PODS_ROOT}/Manifest.lock\" > /dev/null\nif [ $? != 0 ] ; then\n    # print error to STDERR\n    echo \"error: The sandbox is not in sync with the Podfile.lock. Run 'pod install' or update your CocoaPods installation.\" >&2\n    exit 1\nfi\n# This output is used by Xcode 'outputs' to avoid re-running this script phase.\necho \"SUCCESS\" > \"${SCRIPT_OUTPUT_FILE_0}\"\n";
			showEnvVarsInLog = 0;
		};
/* End PBXShellScriptBuildPhase section */

/* Begin PBXSourcesBuildPhase section */
		BFE3DFB42E4F4E5C00195298 /* Sources */ = {
			isa = PBXSourcesBuildPhase;
			buildActionMask = 2147483647;
			files = (
				BFE3DFD42E4F4EC400195298 /* SelfCameraView.swift in Sources */,
				BFE3DFD52E4F4EC400195298 /* SelfMRZScannerModule.m in Sources */,
				BFE3DFD62E4F4EC400195298 /* SelfMRZScannerViewManager.swift in Sources */,
				BFE3DFD72E4F4EC400195298 /* SelfMRZScannerModule.swift in Sources */,
				BFE3DFD82E4F4EC400195298 /* SelfLiveMRZScannerView.swift in Sources */,
				BF7273CE2E53412C002FE485 /* PassportReader.m in Sources */,
				BF7273CF2E53412C002FE485 /* PassportReader.swift in Sources */,
				BFE3DFD92E4F4EC400195298 /* SelfMRZScanner.swift in Sources */,
				BFE3DFDA2E4F4EC400195298 /* SelfMRZScannerViewManager.m in Sources */,
			);
			runOnlyForDeploymentPostprocessing = 0;
		};
/* End PBXSourcesBuildPhase section */

/* Begin XCBuildConfiguration section */
		BFE3DFBF2E4F4E5C00195298 /* Debug */ = {
			isa = XCBuildConfiguration;
			buildSettings = {
				ALWAYS_SEARCH_USER_PATHS = NO;
				ASSETCATALOG_COMPILER_GENERATE_SWIFT_ASSET_SYMBOL_EXTENSIONS = YES;
				CLANG_ANALYZER_NONNULL = YES;
				CLANG_ANALYZER_NUMBER_OBJECT_CONVERSION = YES_AGGRESSIVE;
				CLANG_CXX_LANGUAGE_STANDARD = "gnu++20";
				CLANG_ENABLE_MODULES = YES;
				CLANG_ENABLE_OBJC_ARC = YES;
				CLANG_ENABLE_OBJC_WEAK = YES;
				CLANG_WARN_BLOCK_CAPTURE_AUTORELEASING = YES;
				CLANG_WARN_BOOL_CONVERSION = YES;
				CLANG_WARN_COMMA = YES;
				CLANG_WARN_CONSTANT_CONVERSION = YES;
				CLANG_WARN_DEPRECATED_OBJC_IMPLEMENTATIONS = YES;
				CLANG_WARN_DIRECT_OBJC_ISA_USAGE = YES_ERROR;
				CLANG_WARN_DOCUMENTATION_COMMENTS = YES;
				CLANG_WARN_EMPTY_BODY = YES;
				CLANG_WARN_ENUM_CONVERSION = YES;
				CLANG_WARN_INFINITE_RECURSION = YES;
				CLANG_WARN_INT_CONVERSION = YES;
				CLANG_WARN_NON_LITERAL_NULL_CONVERSION = YES;
				CLANG_WARN_OBJC_IMPLICIT_RETAIN_SELF = YES;
				CLANG_WARN_OBJC_LITERAL_CONVERSION = YES;
				CLANG_WARN_OBJC_ROOT_CLASS = YES_ERROR;
				CLANG_WARN_QUOTED_INCLUDE_IN_FRAMEWORK_HEADER = YES;
				CLANG_WARN_RANGE_LOOP_ANALYSIS = YES;
				CLANG_WARN_STRICT_PROTOTYPES = YES;
				CLANG_WARN_SUSPICIOUS_MOVE = YES;
				CLANG_WARN_UNGUARDED_AVAILABILITY = YES_AGGRESSIVE;
				CLANG_WARN_UNREACHABLE_CODE = YES;
				CLANG_WARN__DUPLICATE_METHOD_MATCH = YES;
				COPY_PHASE_STRIP = NO;
				CURRENT_PROJECT_VERSION = 1;
				DEBUG_INFORMATION_FORMAT = dwarf;
				DEVELOPMENT_TEAM = 5B29R5LYHQ;
				ENABLE_STRICT_OBJC_MSGSEND = YES;
				ENABLE_TESTABILITY = YES;
				ENABLE_USER_SCRIPT_SANDBOXING = YES;
				GCC_C_LANGUAGE_STANDARD = gnu17;
				GCC_DYNAMIC_NO_PIC = NO;
				GCC_NO_COMMON_BLOCKS = YES;
				GCC_OPTIMIZATION_LEVEL = 0;
				GCC_PREPROCESSOR_DEFINITIONS = (
					"DEBUG=1",
					"$(inherited)",
				);
				GCC_WARN_64_TO_32_BIT_CONVERSION = YES;
				GCC_WARN_ABOUT_RETURN_TYPE = YES_ERROR;
				GCC_WARN_UNDECLARED_SELECTOR = YES;
				GCC_WARN_UNINITIALIZED_AUTOS = YES_AGGRESSIVE;
				GCC_WARN_UNUSED_FUNCTION = YES;
				GCC_WARN_UNUSED_VARIABLE = YES;
				IPHONEOS_DEPLOYMENT_TARGET = 18.5;
				LOCALIZATION_PREFERS_STRING_CATALOGS = YES;
				MTL_ENABLE_DEBUG_INFO = INCLUDE_SOURCE;
				MTL_FAST_MATH = YES;
				ONLY_ACTIVE_ARCH = YES;
				SDKROOT = iphoneos;
				SWIFT_ACTIVE_COMPILATION_CONDITIONS = "DEBUG $(inherited)";
				SWIFT_OPTIMIZATION_LEVEL = "-Onone";
				VERSIONING_SYSTEM = "apple-generic";
				VERSION_INFO_PREFIX = "";
			};
			name = Debug;
		};
		BFE3DFC02E4F4E5C00195298 /* Release */ = {
			isa = XCBuildConfiguration;
			buildSettings = {
				ALWAYS_SEARCH_USER_PATHS = NO;
				ASSETCATALOG_COMPILER_GENERATE_SWIFT_ASSET_SYMBOL_EXTENSIONS = YES;
				CLANG_ANALYZER_NONNULL = YES;
				CLANG_ANALYZER_NUMBER_OBJECT_CONVERSION = YES_AGGRESSIVE;
				CLANG_CXX_LANGUAGE_STANDARD = "gnu++20";
				CLANG_ENABLE_MODULES = YES;
				CLANG_ENABLE_OBJC_ARC = YES;
				CLANG_ENABLE_OBJC_WEAK = YES;
				CLANG_WARN_BLOCK_CAPTURE_AUTORELEASING = YES;
				CLANG_WARN_BOOL_CONVERSION = YES;
				CLANG_WARN_COMMA = YES;
				CLANG_WARN_CONSTANT_CONVERSION = YES;
				CLANG_WARN_DEPRECATED_OBJC_IMPLEMENTATIONS = YES;
				CLANG_WARN_DIRECT_OBJC_ISA_USAGE = YES_ERROR;
				CLANG_WARN_DOCUMENTATION_COMMENTS = YES;
				CLANG_WARN_EMPTY_BODY = YES;
				CLANG_WARN_ENUM_CONVERSION = YES;
				CLANG_WARN_INFINITE_RECURSION = YES;
				CLANG_WARN_INT_CONVERSION = YES;
				CLANG_WARN_NON_LITERAL_NULL_CONVERSION = YES;
				CLANG_WARN_OBJC_IMPLICIT_RETAIN_SELF = YES;
				CLANG_WARN_OBJC_LITERAL_CONVERSION = YES;
				CLANG_WARN_OBJC_ROOT_CLASS = YES_ERROR;
				CLANG_WARN_QUOTED_INCLUDE_IN_FRAMEWORK_HEADER = YES;
				CLANG_WARN_RANGE_LOOP_ANALYSIS = YES;
				CLANG_WARN_STRICT_PROTOTYPES = YES;
				CLANG_WARN_SUSPICIOUS_MOVE = YES;
				CLANG_WARN_UNGUARDED_AVAILABILITY = YES_AGGRESSIVE;
				CLANG_WARN_UNREACHABLE_CODE = YES;
				CLANG_WARN__DUPLICATE_METHOD_MATCH = YES;
				COPY_PHASE_STRIP = NO;
				CURRENT_PROJECT_VERSION = 1;
				DEBUG_INFORMATION_FORMAT = "dwarf-with-dsym";
				DEVELOPMENT_TEAM = 5B29R5LYHQ;
				ENABLE_NS_ASSERTIONS = NO;
				ENABLE_STRICT_OBJC_MSGSEND = YES;
				ENABLE_USER_SCRIPT_SANDBOXING = YES;
				GCC_C_LANGUAGE_STANDARD = gnu17;
				GCC_NO_COMMON_BLOCKS = YES;
				GCC_WARN_64_TO_32_BIT_CONVERSION = YES;
				GCC_WARN_ABOUT_RETURN_TYPE = YES_ERROR;
				GCC_WARN_UNDECLARED_SELECTOR = YES;
				GCC_WARN_UNINITIALIZED_AUTOS = YES_AGGRESSIVE;
				GCC_WARN_UNUSED_FUNCTION = YES;
				GCC_WARN_UNUSED_VARIABLE = YES;
				IPHONEOS_DEPLOYMENT_TARGET = 18.5;
				LOCALIZATION_PREFERS_STRING_CATALOGS = YES;
				MTL_ENABLE_DEBUG_INFO = NO;
				MTL_FAST_MATH = YES;
				SDKROOT = iphoneos;
				SWIFT_COMPILATION_MODE = wholemodule;
				VALIDATE_PRODUCT = YES;
				VERSIONING_SYSTEM = "apple-generic";
				VERSION_INFO_PREFIX = "";
			};
			name = Release;
		};
		BFE3DFC22E4F4E5C00195298 /* Debug */ = {
			isa = XCBuildConfiguration;
			baseConfigurationReference = 5DD62CFABEDAB6E3708C9BBB /* Pods-SelfSDK.debug.xcconfig */;
			buildSettings = {
				BUILD_LIBRARY_FOR_DISTRIBUTION = YES;
				CLANG_ENABLE_MODULES = YES;
				CODE_SIGN_STYLE = Automatic;
				CURRENT_PROJECT_VERSION = 1;
				DEFINES_MODULE = YES;
				DEVELOPMENT_TEAM = 5B29R5LYHQ;
				DYLIB_COMPATIBILITY_VERSION = 1;
				DYLIB_CURRENT_VERSION = 1;
				DYLIB_INSTALL_NAME_BASE = "@rpath";
				ENABLE_MODULE_VERIFIER = YES;
				FRAMEWORK_SEARCH_PATHS = (
					"$(PODS_ROOT)/Headers/Public/React-Core",
					"$(PODS_ROOT)/Headers/Public/React",
				);
				GENERATE_INFOPLIST_FILE = YES;
				HEADER_SEARCH_PATHS = (
					"$(PODS_ROOT)/Headers/Public/React-Core",
					"$(PODS_ROOT)/Headers/Public/React",
				);
				INFOPLIST_KEY_NSHumanReadableCopyright = "";
				INSTALL_PATH = "$(LOCAL_LIBRARY_DIR)/Frameworks";
				LD_RUNPATH_SEARCH_PATHS = (
					"$(inherited)",
					"@executable_path/Frameworks",
					"@loader_path/Frameworks",
				);
				MARKETING_VERSION = 1.0;
				MODULE_VERIFIER_SUPPORTED_LANGUAGES = "objective-c objective-c++";
				MODULE_VERIFIER_SUPPORTED_LANGUAGE_STANDARDS = "gnu17 gnu++20";
				PRODUCT_BUNDLE_IDENTIFIER = xyz.self.SelfSDK;
				PRODUCT_NAME = "$(TARGET_NAME:c99extidentifier)";
				SKIP_INSTALL = YES;
				SWIFT_EMIT_LOC_STRINGS = YES;
				SWIFT_INSTALL_MODULE = YES;
				SWIFT_INSTALL_OBJC_HEADER = NO;
				SWIFT_OPTIMIZATION_LEVEL = "-Onone";
				SWIFT_VERSION = 5.0;
				TARGETED_DEVICE_FAMILY = "1,2";
			};
			name = Debug;
		};
		BFE3DFC32E4F4E5C00195298 /* Release */ = {
			isa = XCBuildConfiguration;
			baseConfigurationReference = 2B18B56999A8AC8C4F11DA3A /* Pods-SelfSDK.release.xcconfig */;
			buildSettings = {
				BUILD_LIBRARY_FOR_DISTRIBUTION = YES;
				CLANG_ENABLE_MODULES = YES;
				CODE_SIGN_STYLE = Automatic;
				CURRENT_PROJECT_VERSION = 1;
				DEFINES_MODULE = YES;
				DEVELOPMENT_TEAM = 5B29R5LYHQ;
				DYLIB_COMPATIBILITY_VERSION = 1;
				DYLIB_CURRENT_VERSION = 1;
				DYLIB_INSTALL_NAME_BASE = "@rpath";
				ENABLE_MODULE_VERIFIER = YES;
				FRAMEWORK_SEARCH_PATHS = (
					"$(PODS_ROOT)/Headers/Public/React-Core",
					"$(PODS_ROOT)/Headers/Public/React",
				);
				GENERATE_INFOPLIST_FILE = YES;
				HEADER_SEARCH_PATHS = (
					"$(PODS_ROOT)/Headers/Public/React-Core",
					"$(PODS_ROOT)/Headers/Public/React",
				);
				INFOPLIST_KEY_NSHumanReadableCopyright = "";
				INSTALL_PATH = "$(LOCAL_LIBRARY_DIR)/Frameworks";
				LD_RUNPATH_SEARCH_PATHS = (
					"$(inherited)",
					"@executable_path/Frameworks",
					"@loader_path/Frameworks",
				);
				MARKETING_VERSION = 1.0;
				MODULE_VERIFIER_SUPPORTED_LANGUAGES = "objective-c objective-c++";
				MODULE_VERIFIER_SUPPORTED_LANGUAGE_STANDARDS = "gnu17 gnu++20";
				PRODUCT_BUNDLE_IDENTIFIER = xyz.self.SelfSDK;
				PRODUCT_NAME = "$(TARGET_NAME:c99extidentifier)";
				SKIP_INSTALL = YES;
				SWIFT_EMIT_LOC_STRINGS = YES;
				SWIFT_INSTALL_MODULE = YES;
				SWIFT_INSTALL_OBJC_HEADER = NO;
				SWIFT_VERSION = 5.0;
				TARGETED_DEVICE_FAMILY = "1,2";
			};
			name = Release;
		};
/* End XCBuildConfiguration section */

/* Begin XCConfigurationList section */
		BFE3DFB22E4F4E5C00195298 /* Build configuration list for PBXProject "SelfSDK" */ = {
			isa = XCConfigurationList;
			buildConfigurations = (
				BFE3DFBF2E4F4E5C00195298 /* Debug */,
				BFE3DFC02E4F4E5C00195298 /* Release */,
			);
			defaultConfigurationIsVisible = 0;
			defaultConfigurationName = Release;
		};
		BFE3DFC12E4F4E5C00195298 /* Build configuration list for PBXNativeTarget "SelfSDK" */ = {
			isa = XCConfigurationList;
			buildConfigurations = (
				BFE3DFC22E4F4E5C00195298 /* Debug */,
				BFE3DFC32E4F4E5C00195298 /* Release */,
			);
			defaultConfigurationIsVisible = 0;
			defaultConfigurationName = Release;
		};
/* End XCConfigurationList section */

/* Begin XCRemoteSwiftPackageReference section */
		BFE3DFC42E4F4E7300195298 /* XCRemoteSwiftPackageReference "QKMRZParser" */ = {
			isa = XCRemoteSwiftPackageReference;
			repositoryURL = "https://github.com/Mattijah/QKMRZParser.git";
			requirement = {
				branch = master;
				kind = branch;
			};
		};
/* End XCRemoteSwiftPackageReference section */

/* Begin XCSwiftPackageProductDependency section */
		BFE3DFC52E4F4E7300195298 /* QKMRZParser */ = {
			isa = XCSwiftPackageProductDependency;
			package = BFE3DFC42E4F4E7300195298 /* XCRemoteSwiftPackageReference "QKMRZParser" */;
			productName = QKMRZParser;
		};
/* End XCSwiftPackageProductDependency section */
	};
	rootObject = BFE3DFAF2E4F4E5C00195298 /* Project object */;
}
